
Microsoft Visual Studio Solution File, Format Version 12.00
# Visual Studio Version 17
VisualStudioVersion = 17.7.34024.191
MinimumVisualStudioVersion = 10.0.40219.1
Project("{FAE04EC0-301F-11D3-BF4B-00C04F79EFBC}") = "1stproject", "1stproject.csproj", "{0CC5E013-02B7-4EBC-B0E6-41A04C560A82}"
EndProject
Global
	GlobalSection(SolutionConfigurationPlatforms) = preSolution
		Debug|Any CPU = Debug|Any CPU
		Release|Any CPU = Release|Any CPU
	EndGlobalSection
	GlobalSection(ProjectConfigurationPlatforms) = postSolution
		{0CC5E013-02B7-4EBC-B0E6-41A04C560A82}.Debug|Any CPU.ActiveCfg = Debug|Any CPU
		{0CC5E013-02B7-4EBC-B0E6-41A04C560A82}.Debug|Any CPU.Build.0 = Debug|Any CPU
		{0CC5E013-02B7-4EBC-B0E6-41A04C560A82}.Release|Any CPU.ActiveCfg = Release|Any CPU
		{0CC5E013-02B7-4EBC-B0E6-41A04C560A82}.Release|Any CPU.Build.0 = Release|Any CPU
	EndGlobalSection
	GlobalSection(SolutionProperties) = preSolution
		HideSolutionNode = FALSE
	EndGlobalSection
	GlobalSection(ExtensibilityGlobals) = postSolution
		SolutionGuid = {0922DB8D-E2DB-4A3E-BCA9-09CC82CD2C8D}
	EndGlobalSection
EndGlobal
